<?xml version="1.0" encoding="utf-8"?>
<Project ToolsVersion="4.0" xmlns="http://schemas.microsoft.com/developer/msbuild/2003">
  <ItemGroup>
    <Filter Include="Resource Files">
      <UniqueIdentifier>{67DA6AB6-F800-4c08-8B7A-83BB121AAD01}</UniqueIdentifier>
      <Extensions>rc;ico;cur;bmp;dlg;rc2;rct;bin;rgs;gif;jpg;jpeg;jpe;resx;tiff;tif;png;wav;mfcribbon-ms</Extensions>
    </Filter>
    <Filter Include="Khaos">
      <UniqueIdentifier>{4FC737F1-C7A5-4376-A066-2A32D752A2FF}</UniqueIdentifier>
      <Extensions>
      </Extensions>
    </Filter>
    <Filter Include="Khaos\Memory">
      <UniqueIdentifier>{e478d005-06b4-4bbb-b5f8-a81164fe7093}</UniqueIdentifier>
    </Filter>
    <Filter Include="Khaos\Offsets">
      <UniqueIdentifier>{61a0e685-1811-4f97-ba73-f67c92cc92b5}</UniqueIdentifier>
    </Filter>
    <Filter Include="Khaos\Features">
      <UniqueIdentifier>{1da5948a-c14b-4604-8e84-dffbb76b0fb0}</UniqueIdentifier>
    </Filter>
    <Filter Include="Khaos\Utilities">
      <UniqueIdentifier>{86743ebe-2bba-472c-9cf5-1f99c25af848}</UniqueIdentifier>
    </Filter>
  </ItemGroup>
  <ItemGroup>
    <ClCompile Include="Memory.cpp">
      <Filter>Khaos\Memory</Filter>
    </ClCompile>
    <ClCompile Include="Offsets.cpp">
      <Filter>Khaos\Offsets</Filter>
    </ClCompile>
    <ClCompile Include="Misc.cpp">
      <Filter>Khaos\Features</Filter>
    </ClCompile>
    <ClCompile Include="Menu.cpp">
      <Filter>Khaos\Features</Filter>
    </ClCompile>
    <ClCompile Include="BaseEntity.cpp">
      <Filter>Khaos\Utilities</Filter>
    </ClCompile>
    <ClCompile Include="main.cpp">
      <Filter>Khaos</Filter>
    </ClCompile>
    <ClCompile Include="Glow.cpp">
      <Filter>Khaos\Features</Filter>
    </ClCompile>
    <ClCompile Include="Aimbot.cpp">
      <Filter>Khaos\Features</Filter>
    </ClCompile>
  </ItemGroup>
  <ItemGroup>
    <ClInclude Include="Memory.h">
      <Filter>Khaos\Memory</Filter>
    </ClInclude>
    <ClInclude Include="Headers.h">
      <Filter>Khaos</Filter>
    </ClInclude>
    <ClInclude Include="Offsets.h">
      <Filter>Khaos\Offsets</Filter>
    </ClInclude>
    <ClInclude Include="Misc.h">
      <Filter>Khaos\Features</Filter>
    </ClInclude>
    <ClInclude Include="Menu.h">
      <Filter>Khaos\Features</Filter>
    </ClInclude>
    <ClInclude Include="Utils.h">
      <Filter>Khaos\Utilities</Filter>
    </ClInclude>
    <ClInclude Include="BaseEntity.h">
      <Filter>Khaos\Utilities</Filter>
    </ClInclude>
    <ClInclude Include="Glow.h">
      <Filter>Khaos\Features</Filter>
    </ClInclude>
    <ClInclude Include="Aimbot.h">
      <Filter>Khaos\Features</Filter>
    </ClInclude>
  </ItemGroup>
</Project>